{
  "name": "Love_Jz",
  "lockfileVersion": 2,
  "requires": true,
  "packages": {
    "": {
      "dependencies": {
        "@miniprogram-component-plus/vtabs": "^1.0.0",
        "@miniprogram-component-plus/vtabs-content": "^1.0.0",
        "@vant/weapp": "^1.10.15",
        "lin-ui": "^0.9.13"
      }
    },
    "node_modules/@miniprogram-component-plus/vtabs": {
      "version": "1.0.0",
      "resolved": "https://registry.npmjs.org/@miniprogram-component-plus/vtabs/-/vtabs-1.0.0.tgz",
      "integrity": "sha512-xDGrJwRbcpxd92rpQ0bbesBd2TKR6RGX1kJjuC6jlN4nRr28MTBhSPQEWfof2COms0xrLTa4WzU1QL+C2KH59w=="
    },
    "node_modules/@miniprogram-component-plus/vtabs-content": {
      "version": "1.0.0",
      "resolved": "https://registry.npmjs.org/@miniprogram-component-plus/vtabs-content/-/vtabs-content-1.0.0.tgz",
      "integrity": "sha512-/DGQjL1W1X7IMfOlB1ILfMZqyvhHHlrUsQ2liuVMZCwn46z5fTTQHcFWZKYZONaxKjTO3AecjRypKF0/k2s9aQ=="
    },
    "node_modules/@vant/weapp": {
      "version": "1.10.15",
      "resolved": "https://registry.npmjs.org/@vant/weapp/-/weapp-1.10.15.tgz",
      "integrity": "sha512-swM4k3pVwt/6Tnijvq86paLiKE1CzbrBQ4lR7+9uRhwKOM0HS3ooK1Q4IjSEyxQ59ZFKmYYvZln77RZcnSDqmA=="
    },
    "node_modules/lin-ui": {
      "version": "0.9.13",
      "resolved": "https://registry.npmjs.org/lin-ui/-/lin-ui-0.9.13.tgz",
      "integrity": "sha512-RFRq1D+jCkhFzVCe/Y4C/NnWEK21ZiY961/HJR3mHmHmdq5IkrNBt/39WsUuWcDPty48WaY/3IipOPBBD+7ttw=="
    }
  },
  "dependencies": {
    "@miniprogram-component-plus/vtabs": {
      "version": "1.0.0",
      "resolved": "https://registry.npmjs.org/@miniprogram-component-plus/vtabs/-/vtabs-1.0.0.tgz",
      "integrity": "sha512-xDGrJwRbcpxd92rpQ0bbesBd2TKR6RGX1kJjuC6jlN4nRr28MTBhSPQEWfof2COms0xrLTa4WzU1QL+C2KH59w=="
    },
    "@miniprogram-component-plus/vtabs-content": {
      "version": "1.0.0",
      "resolved": "https://registry.npmjs.org/@miniprogram-component-plus/vtabs-content/-/vtabs-content-1.0.0.tgz",
      "integrity": "sha512-/DGQjL1W1X7IMfOlB1ILfMZqyvhHHlrUsQ2liuVMZCwn46z5fTTQHcFWZKYZONaxKjTO3AecjRypKF0/k2s9aQ=="
    },
    "@vant/weapp": {
      "version": "1.10.15",
      "resolved": "https://registry.npmjs.org/@vant/weapp/-/weapp-1.10.15.tgz",
      "integrity": "sha512-swM4k3pVwt/6Tnijvq86paLiKE1CzbrBQ4lR7+9uRhwKOM0HS3ooK1Q4IjSEyxQ59ZFKmYYvZln77RZcnSDqmA=="
    },
    "lin-ui": {
      "version": "0.9.13",
      "resolved": "https://registry.npmjs.org/lin-ui/-/lin-ui-0.9.13.tgz",
      "integrity": "sha512-RFRq1D+jCkhFzVCe/Y4C/NnWEK21ZiY961/HJR3mHmHmdq5IkrNBt/39WsUuWcDPty48WaY/3IipOPBBD+7ttw=="
    }
  }
}
